// !$*UTF8*$!
{
	archiveVersion = 1;
	classes = {
	};
	objectVersion = 46;
	objects = {

/* Begin PBXBuildFile section */
		917D81501B91EC780094394C /* main.m in Sources */ = {isa = PBXBuildFile; fileRef = 917D814F1B91EC780094394C /* main.m */; };
		917D81531B91EC780094394C /* AppDelegate.m in Sources */ = {isa = PBXBuildFile; fileRef = 917D81521B91EC780094394C /* AppDelegate.m */; };
		917D81561B91EC780094394C /* ContatoIP67.xcdatamodeld in Sources */ = {isa = PBXBuildFile; fileRef = 917D81541B91EC780094394C /* ContatoIP67.xcdatamodeld */; };
		917D81591B91EC780094394C /* ViewController.m in Sources */ = {isa = PBXBuildFile; fileRef = 917D81581B91EC780094394C /* ViewController.m */; };
		917D815C1B91EC780094394C /* Main.storyboard in Resources */ = {isa = PBXBuildFile; fileRef = 917D815A1B91EC780094394C /* Main.storyboard */; };
		917D815E1B91EC780094394C /* Images.xcassets in Resources */ = {isa = PBXBuildFile; fileRef = 917D815D1B91EC780094394C /* Images.xcassets */; };
		917D81611B91EC780094394C /* LaunchScreen.xib in Resources */ = {isa = PBXBuildFile; fileRef = 917D815F1B91EC780094394C /* LaunchScreen.xib */; };
		917D816D1B91EC780094394C /* ContatoIP67Tests.m in Sources */ = {isa = PBXBuildFile; fileRef = 917D816C1B91EC780094394C /* ContatoIP67Tests.m */; };
/* End PBXBuildFile section */

/* Begin PBXContainerItemProxy section */
		917D81671B91EC780094394C /* PBXContainerItemProxy */ = {
			isa = PBXContainerItemProxy;
			containerPortal = 917D81421B91EC780094394C /* Project object */;
			proxyType = 1;
			remoteGlobalIDString = 917D81491B91EC780094394C;
			remoteInfo = ContatoIP67;
		};
/* End PBXContainerItemProxy section */

/* Begin PBXFileReference section */
		917D814A1B91EC780094394C /* ContatoIP67.app */ = {isa = PBXFileReference; explicitFileType = wrapper.application; includeInIndex = 0; path = ContatoIP67.app; sourceTree = BUILT_PRODUCTS_DIR; };
		917D814E1B91EC780094394C /* Info.plist */ = {isa = PBXFileReference; lastKnownFileType = text.plist.xml; path = Info.plist; sourceTree = "<group>"; };
		917D814F1B91EC780094394C /* main.m */ = {isa = PBXFileReference; lastKnownFileType = sourcecode.c.objc; path = main.m; sourceTree = "<group>"; };
		917D81511B91EC780094394C /* AppDelegate.h */ = {isa = PBXFileReference; lastKnownFileType = sourcecode.c.h; path = AppDelegate.h; sourceTree = "<group>"; };
		917D81521B91EC780094394C /* AppDelegate.m */ = {isa = PBXFileReference; lastKnownFileType = sourcecode.c.objc; path = AppDelegate.m; sourceTree = "<group>"; };
		917D81551B91EC780094394C /* ContatoIP67.xcdatamodel */ = {isa = PBXFileReference; lastKnownFileType = wrapper.xcdatamodel; path = ContatoIP67.xcdatamodel; sourceTree = "<group>"; };
		917D81571B91EC780094394C /* ViewController.h */ = {isa = PBXFileReference; lastKnownFileType = sourcecode.c.h; path = ViewController.h; sourceTree = "<group>"; };
		917D81581B91EC780094394C /* ViewController.m */ = {isa = PBXFileReference; lastKnownFileType = sourcecode.c.objc; path = ViewController.m; sourceTree = "<group>"; };
		917D815B1B91EC780094394C /* Base */ = {isa = PBXFileReference; lastKnownFileType = file.storyboard; name = Base; path = Base.lproj/Main.storyboard; sourceTree = "<group>"; };
		917D815D1B91EC780094394C /* Images.xcassets */ = {isa = PBXFileReference; lastKnownFileType = folder.assetcatalog; path = Images.xcassets; sourceTree = "<group>"; };
		917D81601B91EC780094394C /* Base */ = {isa = PBXFileReference; lastKnownFileType = file.xib; name = Base; path = Base.lproj/LaunchScreen.xib; sourceTree = "<group>"; };
		917D81661B91EC780094394C /* ContatoIP67Tests.xctest */ = {isa = PBXFileReference; explicitFileType = wrapper.cfbundle; includeInIndex = 0; path = ContatoIP67Tests.xctest; sourceTree = BUILT_PRODUCTS_DIR; };
		917D816B1B91EC780094394C /* Info.plist */ = {isa = PBXFileReference; lastKnownFileType = text.plist.xml; path = Info.plist; sourceTree = "<group>"; };
		917D816C1B91EC780094394C /* ContatoIP67Tests.m */ = {isa = PBXFileReference; lastKnownFileType = sourcecode.c.objc; path = ContatoIP67Tests.m; sourceTree = "<group>"; };
/* End PBXFileReference section */

/* Begin PBXFrameworksBuildPhase section */
		917D81471B91EC780094394C /* Frameworks */ = {
			isa = PBXFrameworksBuildPhase;
			buildActionMask = 2147483647;
			files = (
			);
			runOnlyForDeploymentPostprocessing = 0;
		};
		917D81631B91EC780094394C /* Frameworks */ = {
			isa = PBXFrameworksBuildPhase;
			buildActionMask = 2147483647;
			files = (
			);
			runOnlyForDeploymentPostprocessing = 0;
		};
/* End PBXFrameworksBuildPhase section */

/* Begin PBXGroup section */
		917D81411B91EC780094394C = {
			isa = PBXGroup;
			children = (
				917D814C1B91EC780094394C /* ContatoIP67 */,
				917D81691B91EC780094394C /* ContatoIP67Tests */,
				917D814B1B91EC780094394C /* Products */,
			);
			sourceTree = "<group>";
		};
		917D814B1B91EC780094394C /* Products */ = {
			isa = PBXGroup;
			children = (
				917D814A1B91EC780094394C /* ContatoIP67.app */,
				917D81661B91EC780094394C /* ContatoIP67Tests.xctest */,
			);
			name = Products;
			sourceTree = "<group>";
		};
		917D814C1B91EC780094394C /* ContatoIP67 */ = {
			isa = PBXGroup;
			children = (
				917D81511B91EC780094394C /* AppDelegate.h */,
				917D81521B91EC780094394C /* AppDelegate.m */,
				917D81571B91EC780094394C /* ViewController.h */,
				917D81581B91EC780094394C /* ViewController.m */,
				917D815A1B91EC780094394C /* Main.storyboard */,
				917D815D1B91EC780094394C /* Images.xcassets */,
				917D815F1B91EC780094394C /* LaunchScreen.xib */,
				917D81541B91EC780094394C /* ContatoIP67.xcdatamodeld */,
				917D814D1B91EC780094394C /* Supporting Files */,
			);
			path = ContatoIP67;
			sourceTree = "<group>";
		};
		917D814D1B91EC780094394C /* Supporting Files */ = {
			isa = PBXGroup;
			children = (
				917D814E1B91EC780094394C /* Info.plist */,
				917D814F1B91EC780094394C /* main.m */,
			);
			name = "Supporting Files";
			sourceTree = "<group>";
		};
		917D81691B91EC780094394C /* ContatoIP67Tests */ = {
			isa = PBXGroup;
			children = (
				917D816C1B91EC780094394C /* ContatoIP67Tests.m */,
				917D816A1B91EC780094394C /* Supporting Files */,
			);
			path = ContatoIP67Tests;
			sourceTree = "<group>";
		};
		917D816A1B91EC780094394C /* Supporting Files */ = {
			isa = PBXGroup;
			children = (
				917D816B1B91EC780094394C /* Info.plist */,
			);
			name = "Supporting Files";
			sourceTree = "<group>";
		};
/* End PBXGroup section */

/* Begin PBXNativeTarget section */
		917D81491B91EC780094394C /* ContatoIP67 */ = {
			isa = PBXNativeTarget;
			buildConfigurationList = 917D81701B91EC780094394C /* Build configuration list for PBXNativeTarget "ContatoIP67" */;
			buildPhases = (
				917D81461B91EC780094394C /* Sources */,
				917D81471B91EC780094394C /* Frameworks */,
				917D81481B91EC780094394C /* Resources */,
			);
			buildRules = (
			);
			dependencies = (
			);
			name = ContatoIP67;
			productName = ContatoIP67;
			productReference = 917D814A1B91EC780094394C /* ContatoIP67.app */;
			productType = "com.apple.product-type.application";
		};
		917D81651B91EC780094394C /* ContatoIP67Tests */ = {
			isa = PBXNativeTarget;
			buildConfigurationList = 917D81731B91EC780094394C /* Build configuration list for PBXNativeTarget "ContatoIP67Tests" */;
			buildPhases = (
				917D81621B91EC780094394C /* Sources */,
				917D81631B91EC780094394C /* Frameworks */,
				917D81641B91EC780094394C /* Resources */,
			);
			buildRules = (
			);
			dependencies = (
				917D81681B91EC780094394C /* PBXTargetDependency */,
			);
			name = ContatoIP67Tests;
			productName = ContatoIP67Tests;
			productReference = 917D81661B91EC780094394C /* ContatoIP67Tests.xctest */;
			productType = "com.apple.product-type.bundle.unit-test";
		};
/* End PBXNativeTarget section */

/* Begin PBXProject section */
		917D81421B91EC780094394C /* Project object */ = {
			isa = PBXProject;
			attributes = {
				LastUpgradeCheck = 0600;
				ORGANIZATIONNAME = Caelum;
				TargetAttributes = {
					917D81491B91EC780094394C = {
						CreatedOnToolsVersion = 6.0.1;
					};
					917D81651B91EC780094394C = {
						CreatedOnToolsVersion = 6.0.1;
						TestTargetID = 917D81491B91EC780094394C;
					};
				};
			};
			buildConfigurationList = 917D81451B91EC780094394C /* Build configuration list for PBXProject "ContatoIP67" */;
			compatibilityVersion = "Xcode 3.2";
			developmentRegion = English;
			hasScannedForEncodings = 0;
			knownRegions = (
				en,
				Base,
			);
			mainGroup = 917D81411B91EC780094394C;
			productRefGroup = 917D814B1B91EC780094394C /* Products */;
			projectDirPath = "";
			projectRoot = "";
			targets = (
				917D81491B91EC780094394C /* ContatoIP67 */,
				917D81651B91EC780094394C /* ContatoIP67Tests */,
			);
		};
/* End PBXProject section */

/* Begin PBXResourcesBuildPhase section */
		917D81481B91EC780094394C /* Resources */ = {
			isa = PBXResourcesBuildPhase;
			buildActionMask = 2147483647;
			files = (
				917D815C1B91EC780094394C /* Main.storyboard in Resources */,
				917D81611B91EC780094394C /* LaunchScreen.xib in Resources */,
				917D815E1B91EC780094394C /* Images.xcassets in Resources */,
			);
			runOnlyForDeploymentPostprocessing = 0;
		};
		917D81641B91EC780094394C /* Resources */ = {
			isa = PBXResourcesBuildPhase;
			buildActionMask = 2147483647;
			files = (
			);
			runOnlyForDeploymentPostprocessing = 0;
		};
/* End PBXResourcesBuildPhase section */

/* Begin PBXSourcesBuildPhase section */
		917D81461B91EC780094394C /* Sources */ = {
			isa = PBXSourcesBuildPhase;
			buildActionMask = 2147483647;
			files = (
				917D81531B91EC780094394C /* AppDelegate.m in Sources */,
				917D81501B91EC780094394C /* main.m in Sources */,
				917D81591B91EC780094394C /* ViewController.m in Sources */,
				917D81561B91EC780094394C /* ContatoIP67.xcdatamodeld in Sources */,
			);
			runOnlyForDeploymentPostprocessing = 0;
		};
		917D81621B91EC780094394C /* Sources */ = {
			isa = PBXSourcesBuildPhase;
			buildActionMask = 2147483647;
			files = (
				917D816D1B91EC780094394C /* ContatoIP67Tests.m in Sources */,
			);
			runOnlyForDeploymentPostprocessing = 0;
		};
/* End PBXSourcesBuildPhase section */

/* Begin PBXTargetDependency section */
		917D81681B91EC780094394C /* PBXTargetDependency */ = {
			isa = PBXTargetDependency;
			target = 917D81491B91EC780094394C /* ContatoIP67 */;
			targetProxy = 917D81671B91EC780094394C /* PBXContainerItemProxy */;
		};
/* End PBXTargetDependency section */

/* Begin PBXVariantGroup section */
		917D815A1B91EC780094394C /* Main.storyboard */ = {
			isa = PBXVariantGroup;
			children = (
				917D815B1B91EC780094394C /* Base */,
			);
			name = Main.storyboard;
			sourceTree = "<group>";
		};
		917D815F1B91EC780094394C /* LaunchScreen.xib */ = {
			isa = PBXVariantGroup;
			children = (
				917D81601B91EC780094394C /* Base */,
			);
			name = LaunchScreen.xib;
			sourceTree = "<group>";
		};
/* End PBXVariantGroup section */

/* Begin XCBuildConfiguration section */
		917D816E1B91EC780094394C /* Debug */ = {
			isa = XCBuildConfiguration;
			buildSettings = {
				ALWAYS_SEARCH_USER_PATHS = NO;
				CLANG_CXX_LANGUAGE_STANDARD = "gnu++0x";
				CLANG_CXX_LIBRARY = "libc++";
				CLANG_ENABLE_MODULES = YES;
				CLANG_ENABLE_OBJC_ARC = YES;
				CLANG_WARN_BOOL_CONVERSION = YES;
				CLANG_WARN_CONSTANT_CONVERSION = YES;
				CLANG_WARN_DIRECT_OBJC_ISA_USAGE = YES_ERROR;
				CLANG_WARN_EMPTY_BODY = YES;
				CLANG_WARN_ENUM_CONVERSION = YES;
				CLANG_WARN_INT_CONVERSION = YES;
				CLANG_WARN_OBJC_ROOT_CLASS = YES_ERROR;
				CLANG_WARN_UNREACHABLE_CODE = YES;
				CLANG_WARN__DUPLICATE_METHOD_MATCH = YES;
				"CODE_SIGN_IDENTITY[sdk=iphoneos*]" = "iPhone Developer";
				COPY_PHASE_STRIP = NO;
				ENABLE_STRICT_OBJC_MSGSEND = YES;
				GCC_C_LANGUAGE_STANDARD = gnu99;
				GCC_DYNAMIC_NO_PIC = NO;
				GCC_OPTIMIZATION_LEVEL = 0;
				GCC_PREPROCESSOR_DEFINITIONS = (
					"DEBUG=1",
					"$(inherited)",
				);
				GCC_SYMBOLS_PRIVATE_EXTERN = NO;
				GCC_WARN_64_TO_32_BIT_CONVERSION = YES;
				GCC_WARN_ABOUT_RETURN_TYPE = YES_ERROR;
				GCC_WARN_UNDECLARED_SELECTOR = YES;
				GCC_WARN_UNINITIALIZED_AUTOS = YES_AGGRESSIVE;
				GCC_WARN_UNUSED_FUNCTION = YES;
				GCC_WARN_UNUSED_VARIABLE = YES;
				IPHONEOS_DEPLOYMENT_TARGET = 8.0;
				MTL_ENABLE_DEBUG_INFO = YES;
				ONLY_ACTIVE_ARCH = YES;
				SDKROOT = iphoneos;
			};
			name = Debug;
		};
		917D816F1B91EC780094394C /* Release */ = {
			isa = XCBuildConfiguration;
			buildSettings = {
				ALWAYS_SEARCH_USER_PATHS = NO;
				CLANG_CXX_LANGUAGE_STANDARD = "gnu++0x";
				CLANG_CXX_LIBRARY = "libc++";
				CLANG_ENABLE_MODULES = YES;
				CLANG_ENABLE_OBJC_ARC = YES;
				CLANG_WARN_BOOL_CONVERSION = YES;
				CLANG_WARN_CONSTANT_CONVERSION = YES;
				CLANG_WARN_DIRECT_OBJC_ISA_USAGE = YES_ERROR;
				CLANG_WARN_EMPTY_BODY = YES;
				CLANG_WARN_ENUM_CONVERSION = YES;
				CLANG_WARN_INT_CONVERSION = YES;
				CLANG_WARN_OBJC_ROOT_CLASS = YES_ERROR;
				CLANG_WARN_UNREACHABLE_CODE = YES;
				CLANG_WARN__DUPLICATE_METHOD_MATCH = YES;
				"CODE_SIGN_IDENTITY[sdk=iphoneos*]" = "iPhone Developer";
				COPY_PHASE_STRIP = YES;
				ENABLE_NS_ASSERTIONS = NO;
				ENABLE_STRICT_OBJC_MSGSEND = YES;
				GCC_C_LANGUAGE_STANDARD = gnu99;
				GCC_WARN_64_TO_32_BIT_CONVERSION = YES;
				GCC_WARN_ABOUT_RETURN_TYPE = YES_ERROR;
				GCC_WARN_UNDECLARED_SELECTOR = YES;
				GCC_WARN_UNINITIALIZED_AUTOS = YES_AGGRESSIVE;
				GCC_WARN_UNUSED_FUNCTION = YES;
				GCC_WARN_UNUSED_VARIABLE = YES;
				IPHONEOS_DEPLOYMENT_TARGET = 8.0;
				MTL_ENABLE_DEBUG_INFO = NO;
				SDKROOT = iphoneos;
				VALIDATE_PRODUCT = YES;
			};
			name = Release;
		};
		917D81711B91EC780094394C /* Debug */ = {
			isa = XCBuildConfiguration;
			buildSettings = {
				ASSETCATALOG_COMPILER_APPICON_NAME = AppIcon;
				INFOPLIST_FILE = ContatoIP67/Info.plist;
				LD_RUNPATH_SEARCH_PATHS = "$(inherited) @executable_path/Frameworks";
				PRODUCT_NAME = "$(TARGET_NAME)";
			};
			name = Debug;
		};
		917D81721B91EC780094394C /* Release */ = {
			isa = XCBuildConfiguration;
			buildSettings = {
				ASSETCATALOG_COMPILER_APPICON_NAME = AppIcon;
				INFOPLIST_FILE = ContatoIP67/Info.plist;
				LD_RUNPATH_SEARCH_PATHS = "$(inherited) @executable_path/Frameworks";
				PRODUCT_NAME = "$(TARGET_NAME)";
			};
			name = Release;
		};
		917D81741B91EC780094394C /* Debug */ = {
			isa = XCBuildConfiguration;
			buildSettings = {
				BUNDLE_LOADER = "$(TEST_HOST)";
				FRAMEWORK_SEARCH_PATHS = (
					"$(SDKROOT)/Developer/Library/Frameworks",
					"$(inherited)",
				);
				GCC_PREPROCESSOR_DEFINITIONS = (
					"DEBUG=1",
					"$(inherited)",
				);
				INFOPLIST_FILE = ContatoIP67Tests/Info.plist;
				LD_RUNPATH_SEARCH_PATHS = "$(inherited) @executable_path/Frameworks @loader_path/Frameworks";
				PRODUCT_NAME = "$(TARGET_NAME)";
				TEST_HOST = "$(BUILT_PRODUCTS_DIR)/ContatoIP67.app/ContatoIP67";
			};
			name = Debug;
		};
		917D81751B91EC780094394C /* Release */ = {
			isa = XCBuildConfiguration;
			buildSettings = {
				BUNDLE_LOADER = "$(TEST_HOST)";
				FRAMEWORK_SEARCH_PATHS = (
					"$(SDKROOT)/Developer/Library/Frameworks",
					"$(inherited)",
				);
				INFOPLIST_FILE = ContatoIP67Tests/Info.plist;
				LD_RUNPATH_SEARCH_PATHS = "$(inherited) @executable_path/Frameworks @loader_path/Frameworks";
				PRODUCT_NAME = "$(TARGET_NAME)";
				TEST_HOST = "$(BUILT_PRODUCTS_DIR)/ContatoIP67.app/ContatoIP67";
			};
			name = Release;
		};
/* End XCBuildConfiguration section */

/* Begin XCConfigurationList section */
		917D81451B91EC780094394C /* Build configuration list for PBXProject "ContatoIP67" */ = {
			isa = XCConfigurationList;
			buildConfigurations = (
				917D816E1B91EC780094394C /* Debug */,
				917D816F1B91EC780094394C /* Release */,
			);
			defaultConfigurationIsVisible = 0;
			defaultConfigurationName = Release;
		};
		917D81701B91EC780094394C /* Build configuration list for PBXNativeTarget "ContatoIP67" */ = {
			isa = XCConfigurationList;
			buildConfigurations = (
				917D81711B91EC780094394C /* Debug */,
				917D81721B91EC780094394C /* Release */,
			);
			defaultConfigurationIsVisible = 0;
		};
		917D81731B91EC780094394C /* Build configuration list for PBXNativeTarget "ContatoIP67Tests" */ = {
			isa = XCConfigurationList;
			buildConfigurations = (
				917D81741B91EC780094394C /* Debug */,
				917D81751B91EC780094394C /* Release */,
			);
			defaultConfigurationIsVisible = 0;
		};
/* End XCConfigurationList section */

/* Begin XCVersionGroup section */
		917D81541B91EC780094394C /* ContatoIP67.xcdatamodeld */ = {
			isa = XCVersionGroup;
			children = (
				917D81551B91EC780094394C /* ContatoIP67.xcdatamodel */,
			);
			currentVersion = 917D81551B91EC780094394C /* ContatoIP67.xcdatamodel */;
			path = ContatoIP67.xcdatamodeld;
			sourceTree = "<group>";
			versionGroupType = wrapper.xcdatamodel;
		};
/* End XCVersionGroup section */
	};
	rootObject = 917D81421B91EC780094394C /* Project object */;
}
